
Microsoft Visual Studio Solution File, Format Version 12.00
# Visual Studio Version 16
VisualStudioVersion = 16.0.30621.155
MinimumVisualStudioVersion = 10.0.40219.1
Project("{9A19103F-16F7-4668-BE54-9A1E7A4F7556}") = "BackEnd", "BackEnd\BackEnd\BackEnd.csproj", "{D4E2EC98-6F4C-4B18-9087-BDAD84DC2298}"
EndProject
Project("{9A19103F-16F7-4668-BE54-9A1E7A4F7556}") = "IdentityProvider", "IdentityProvider\IdentityProvider.csproj", "{BC9C3C52-0EAF-4660-ABCA-B05608D986AE}"
EndProject
Global
	GlobalSection(SolutionConfigurationPlatforms) = preSolution
		Debug|Any CPU = Debug|Any CPU
		Release|Any CPU = Release|Any CPU
	EndGlobalSection
	GlobalSection(ProjectConfigurationPlatforms) = postSolution
		{D4E2EC98-6F4C-4B18-9087-BDAD84DC2298}.Debug|Any CPU.ActiveCfg = Debug|Any CPU
		{D4E2EC98-6F4C-4B18-9087-BDAD84DC2298}.Debug|Any CPU.Build.0 = Debug|Any CPU
		{D4E2EC98-6F4C-4B18-9087-BDAD84DC2298}.Release|Any CPU.ActiveCfg = Release|Any CPU
		{D4E2EC98-6F4C-4B18-9087-BDAD84DC2298}.Release|Any CPU.Build.0 = Release|Any CPU
		{BC9C3C52-0EAF-4660-ABCA-B05608D986AE}.Debug|Any CPU.ActiveCfg = Debug|Any CPU
		{BC9C3C52-0EAF-4660-ABCA-B05608D986AE}.Debug|Any CPU.Build.0 = Debug|Any CPU
		{BC9C3C52-0EAF-4660-ABCA-B05608D986AE}.Release|Any CPU.ActiveCfg = Release|Any CPU
		{BC9C3C52-0EAF-4660-ABCA-B05608D986AE}.Release|Any CPU.Build.0 = Release|Any CPU
	EndGlobalSection
	GlobalSection(SolutionProperties) = preSolution
		HideSolutionNode = FALSE
	EndGlobalSection
	GlobalSection(ExtensibilityGlobals) = postSolution
		SolutionGuid = {0644A0F1-5695-4556-AD89-968311D3A8FC}
	EndGlobalSection
EndGlobal
